
Microsoft Visual Studio Solution File, Format Version 12.00
# Visual Studio 15
VisualStudioVersion = 15.0.27130.2024
MinimumVisualStudioVersion = 10.0.40219.1
Project("{FAE04EC0-301F-11D3-BF4B-00C04F79EFBC}") = "CourseApp", "CourseApp\CourseApp.csproj", "{4C45BA0A-F8E9-417B-97C6-FB674456D453}"
EndProject
Global
	GlobalSection(SolutionConfigurationPlatforms) = preSolution
		Debug|Any CPU = Debug|Any CPU
		Release|Any CPU = Release|Any CPU
	EndGlobalSection
	GlobalSection(ProjectConfigurationPlatforms) = postSolution
		{4C45BA0A-F8E9-417B-97C6-FB674456D453}.Debug|Any CPU.ActiveCfg = Debug|Any CPU
		{4C45BA0A-F8E9-417B-97C6-FB674456D453}.Debug|Any CPU.Build.0 = Debug|Any CPU
		{4C45BA0A-F8E9-417B-97C6-FB674456D453}.Release|Any CPU.ActiveCfg = Release|Any CPU
		{4C45BA0A-F8E9-417B-97C6-FB674456D453}.Release|Any CPU.Build.0 = Release|Any CPU
	EndGlobalSection
	GlobalSection(SolutionProperties) = preSolution
		HideSolutionNode = FALSE
	EndGlobalSection
	GlobalSection(ExtensibilityGlobals) = postSolution
		SolutionGuid = {CB1100C4-EDD1-45D5-BDD8-5B35E2F75F01}
	EndGlobalSection
EndGlobal
